
Microsoft Visual Studio Solution File, Format Version 12.00
# Visual Studio Version 17
VisualStudioVersion = 17.1.32421.90
MinimumVisualStudioVersion = 10.0.40219.1
Project("{2150E333-8FDC-42A3-9474-1A3956D46DE8}") = "Tests", "Tests", "{3D0EFCDA-5E55-4302-AADC-3A1308599C70}"
EndProject
Project("{9A19103F-16F7-4668-BE54-9A1E7A4F7556}") = "CardGame.Cards.Tests", "Tests\CardGame.Cards.Tests\CardGame.Cards.Tests.csproj", "{AE19FDA4-69CC-46E4-9638-CE817520067D}"
EndProject
Project("{9A19103F-16F7-4668-BE54-9A1E7A4F7556}") = "CardGame", "CardGame\CardGame.csproj", "{C5FBC3FB-AF48-4BF6-B7A4-067BC5473C3D}"
EndProject
Global
	GlobalSection(SolutionConfigurationPlatforms) = preSolution
		Debug|Any CPU = Debug|Any CPU
		Release|Any CPU = Release|Any CPU
	EndGlobalSection
	GlobalSection(ProjectConfigurationPlatforms) = postSolution
		{AE19FDA4-69CC-46E4-9638-CE817520067D}.Debug|Any CPU.ActiveCfg = Debug|Any CPU
		{AE19FDA4-69CC-46E4-9638-CE817520067D}.Debug|Any CPU.Build.0 = Debug|Any CPU
		{AE19FDA4-69CC-46E4-9638-CE817520067D}.Release|Any CPU.ActiveCfg = Release|Any CPU
		{AE19FDA4-69CC-46E4-9638-CE817520067D}.Release|Any CPU.Build.0 = Release|Any CPU
		{C5FBC3FB-AF48-4BF6-B7A4-067BC5473C3D}.Debug|Any CPU.ActiveCfg = Debug|Any CPU
		{C5FBC3FB-AF48-4BF6-B7A4-067BC5473C3D}.Debug|Any CPU.Build.0 = Debug|Any CPU
		{C5FBC3FB-AF48-4BF6-B7A4-067BC5473C3D}.Release|Any CPU.ActiveCfg = Release|Any CPU
		{C5FBC3FB-AF48-4BF6-B7A4-067BC5473C3D}.Release|Any CPU.Build.0 = Release|Any CPU
	EndGlobalSection
	GlobalSection(SolutionProperties) = preSolution
		HideSolutionNode = FALSE
	EndGlobalSection
	GlobalSection(NestedProjects) = preSolution
		{AE19FDA4-69CC-46E4-9638-CE817520067D} = {3D0EFCDA-5E55-4302-AADC-3A1308599C70}
	EndGlobalSection
	GlobalSection(ExtensibilityGlobals) = postSolution
		SolutionGuid = {509A5DB4-96CB-4ADE-9D91-64796B9F40CE}
	EndGlobalSection
EndGlobal
