
Microsoft Visual Studio Solution File, Format Version 12.00
# Visual Studio Version 16
VisualStudioVersion = 16.0.30320.27
MinimumVisualStudioVersion = 10.0.40219.1
Project("{FAE04EC0-301F-11D3-BF4B-00C04F79EFBC}") = "CardGameEngine", "CardGameEngine\CardGameEngine.csproj", "{4ACE0C14-4ADF-45DC-9DA5-E15244AA5F45}"
EndProject
Global
	GlobalSection(SolutionConfigurationPlatforms) = preSolution
		Debug|Any CPU = Debug|Any CPU
		Release|Any CPU = Release|Any CPU
	EndGlobalSection
	GlobalSection(ProjectConfigurationPlatforms) = postSolution
		{4ACE0C14-4ADF-45DC-9DA5-E15244AA5F45}.Debug|Any CPU.ActiveCfg = Debug|Any CPU
		{4ACE0C14-4ADF-45DC-9DA5-E15244AA5F45}.Debug|Any CPU.Build.0 = Debug|Any CPU
		{4ACE0C14-4ADF-45DC-9DA5-E15244AA5F45}.Release|Any CPU.ActiveCfg = Release|Any CPU
		{4ACE0C14-4ADF-45DC-9DA5-E15244AA5F45}.Release|Any CPU.Build.0 = Release|Any CPU
	EndGlobalSection
	GlobalSection(SolutionProperties) = preSolution
		HideSolutionNode = FALSE
	EndGlobalSection
	GlobalSection(ExtensibilityGlobals) = postSolution
		SolutionGuid = {509A5DB4-96CB-4ADE-9D91-64796B9F40CE}
	EndGlobalSection
EndGlobal
